Microsoft Visual Studio Solution File, Format Version 12.00
# Visual Studio Version 17
VisualStudioVersion = 17.0.31903.59
MinimumVisualStudioVersion = 10.0.40219.1
Project("{FAE04EC0-301F-11D3-BF4B-00C04F79EFBC}") = "G2Erp.Api", "G2Erp.Api\G2Erp.Api.csproj", "{D9028780-53A8-4EE2-BC89-8818ECFD9D89}"
EndProject
Project("{FAE04EC0-301F-11D3-BF4B-00C04F79EFBC}") = "G2Erp.Api.Tests", "G2Erp.Api.Tests\G2Erp.Api.Tests.csproj", "{A5706289-E72A-4E10-932C-A87F4B10EF37}"
EndProject
Project("{FAE04EC0-301F-11D3-BF4B-00C04F79EFBC}") = "G2Erp.DbSetup", "G2Erp.DbSetup\G2Erp.DbSetup.csproj", "{B6F20AB3-934E-4F24-B0CC-9E286CA943A5}"
EndProject
Global
	GlobalSection(SolutionConfigurationPlatforms) = preSolution
		Debug|Any CPU = Debug|Any CPU
		Release|Any CPU = Release|Any CPU
	EndGlobalSection
	GlobalSection(ProjectConfigurationPlatforms) = postSolution
		{D9028780-53A8-4EE2-BC89-8818ECFD9D89}.Debug|Any CPU.ActiveCfg = Debug|Any CPU
		{D9028780-53A8-4EE2-BC89-8818ECFD9D89}.Debug|Any CPU.Build.0 = Debug|Any CPU
		{D9028780-53A8-4EE2-BC89-8818ECFD9D89}.Release|Any CPU.ActiveCfg = Release|Any CPU
		{D9028780-53A8-4EE2-BC89-8818ECFD9D89}.Release|Any CPU.Build.0 = Release|Any CPU
		{A5706289-E72A-4E10-932C-A87F4B10EF37}.Debug|Any CPU.ActiveCfg = Debug|Any CPU
		{A5706289-E72A-4E10-932C-A87F4B10EF37}.Debug|Any CPU.Build.0 = Debug|Any CPU
		{A5706289-E72A-4E10-932C-A87F4B10EF37}.Release|Any CPU.ActiveCfg = Release|Any CPU
		{A5706289-E72A-4E10-932C-A87F4B10EF37}.Release|Any CPU.Build.0 = Release|Any CPU
		{B6F20AB3-934E-4F24-B0CC-9E286CA943A5}.Debug|Any CPU.ActiveCfg = Debug|Any CPU
		{B6F20AB3-934E-4F24-B0CC-9E286CA943A5}.Debug|Any CPU.Build.0 = Debug|Any CPU
		{B6F20AB3-934E-4F24-B0CC-9E286CA943A5}.Release|Any CPU.ActiveCfg = Release|Any CPU
		{B6F20AB3-934E-4F24-B0CC-9E286CA943A5}.Release|Any CPU.Build.0 = Release|Any CPU
	EndGlobalSection
EndGlobal
